
Microsoft Visual Studio Solution File, Format Version 12.00
# Visual Studio Version 17
VisualStudioVersion = 17.7.34202.233
MinimumVisualStudioVersion = 10.0.40219.1
Project("{FAE04EC0-301F-11D3-BF4B-00C04F79EFBC}") = "Types_And_Variables", "Types_And_Variables\Types_And_Variables.csproj", "{73082052-8178-4D33-BB8C-CB9A5B868239}"
EndProject
Project("{FAE04EC0-301F-11D3-BF4B-00C04F79EFBC}") = "Conditionals", "Conditionals\Conditionals.csproj", "{0B5C44AC-AD70-43D4-B3F1-72D6BAC3E6CA}"
EndProject
Global
	GlobalSection(SolutionConfigurationPlatforms) = preSolution
		Debug|Any CPU = Debug|Any CPU
		Release|Any CPU = Release|Any CPU
	EndGlobalSection
	GlobalSection(ProjectConfigurationPlatforms) = postSolution
		{73082052-8178-4D33-BB8C-CB9A5B868239}.Debug|Any CPU.ActiveCfg = Debug|Any CPU
		{73082052-8178-4D33-BB8C-CB9A5B868239}.Debug|Any CPU.Build.0 = Debug|Any CPU
		{73082052-8178-4D33-BB8C-CB9A5B868239}.Release|Any CPU.ActiveCfg = Release|Any CPU
		{73082052-8178-4D33-BB8C-CB9A5B868239}.Release|Any CPU.Build.0 = Release|Any CPU
		{0B5C44AC-AD70-43D4-B3F1-72D6BAC3E6CA}.Debug|Any CPU.ActiveCfg = Debug|Any CPU
		{0B5C44AC-AD70-43D4-B3F1-72D6BAC3E6CA}.Debug|Any CPU.Build.0 = Debug|Any CPU
		{0B5C44AC-AD70-43D4-B3F1-72D6BAC3E6CA}.Release|Any CPU.ActiveCfg = Release|Any CPU
		{0B5C44AC-AD70-43D4-B3F1-72D6BAC3E6CA}.Release|Any CPU.Build.0 = Release|Any CPU
	EndGlobalSection
	GlobalSection(SolutionProperties) = preSolution
		HideSolutionNode = FALSE
	EndGlobalSection
	GlobalSection(ExtensibilityGlobals) = postSolution
		SolutionGuid = {58E0212E-30B6-4281-89C2-7DA99C2B0438}
	EndGlobalSection
EndGlobal
